
Microsoft Visual Studio Solution File, Format Version 12.00
# Visual Studio Version 17
VisualStudioVersion = 17.14.36401.2 d17.14
MinimumVisualStudioVersion = 10.0.40219.1
Project("{FAE04EC0-301F-11D3-BF4B-00C04F79EFBC}") = "Janus", "Janus\Janus.csproj", "{9E67A9B2-EA10-4A45-B779-9FEFAB1EC22E}"
EndProject
Global
	GlobalSection(SolutionConfigurationPlatforms) = preSolution
		Debug|Any CPU = Debug|Any CPU
		Release|Any CPU = Release|Any CPU
	EndGlobalSection
	GlobalSection(ProjectConfigurationPlatforms) = postSolution
		{9E67A9B2-EA10-4A45-B779-9FEFAB1EC22E}.Debug|Any CPU.ActiveCfg = Debug|Any CPU
		{9E67A9B2-EA10-4A45-B779-9FEFAB1EC22E}.Debug|Any CPU.Build.0 = Debug|Any CPU
		{9E67A9B2-EA10-4A45-B779-9FEFAB1EC22E}.Release|Any CPU.ActiveCfg = Release|Any CPU
		{9E67A9B2-EA10-4A45-B779-9FEFAB1EC22E}.Release|Any CPU.Build.0 = Release|Any CPU
	EndGlobalSection
	GlobalSection(SolutionProperties) = preSolution
		HideSolutionNode = FALSE
	EndGlobalSection
	GlobalSection(ExtensibilityGlobals) = postSolution
		SolutionGuid = {0FC7D872-59CE-47B3-81F4-926BCE01BD10}
	EndGlobalSection
EndGlobal
